// !$*UTF8*$!
{
	archiveVersion = 1;
	classes = {
	};
	objectVersion = 56;
	objects = {

/* Begin PBXBuildFile section */
		BB0000000000000000000001 /* MediaArchiveWidget.swift in Sources */ = {isa = PBXBuildFile; fileRef = BB0000000000000000000002 /* MediaArchiveWidget.swift */; };
		BB0000000000000000000010 /* WidgetLink.swift in Sources */ = {isa = PBXBuildFile; fileRef = BB0000000000000000000011 /* WidgetLink.swift */; };
/* End PBXBuildFile section */

/* Begin PBXFileReference section */
		BB0000000000000000000002 /* MediaArchiveWidget.swift */ = {isa = PBXFileReference; lastKnownFileType = sourcecode.swift; path = MediaArchiveWidget.swift; sourceTree = "<group>"; };
		BB0000000000000000000003 /* MediaArchiveWidget.appex */ = {isa = PBXFileReference; explicitFileType = "wrapper.app-extension"; includeInIndex = 0; path = MediaArchiveWidget.appex; sourceTree = BUILT_PRODUCTS_DIR; };
		BB000000000000000000000E /* Info.plist */ = {isa = PBXFileReference; lastKnownFileType = text.plist.xml; path = Info.plist; sourceTree = "<group>"; };
		BB000000000000000000000F /* MediaArchiveWidget.entitlements */ = {isa = PBXFileReference; lastKnownFileType = text.plist.entitlements; path = MediaArchiveWidget.entitlements; sourceTree = "<group>"; };
		BB0000000000000000000011 /* WidgetLink.swift */ = {isa = PBXFileReference; lastKnownFileType = sourcecode.swift; path = WidgetLink.swift; sourceTree = "<group>"; };
		BB0000000000000000000012 /* WidgetLink.framework */ = {isa = PBXFileReference; explicitFileType = wrapper.framework; includeInIndex = 0; path = WidgetLink.framework; sourceTree = BUILT_PRODUCTS_DIR; };
/* End PBXFileReference section */

/* Begin PBXFrameworksBuildPhase section */
		BB0000000000000000000004 /* Frameworks */ = {
			isa = PBXFrameworksBuildPhase;
			buildActionMask = 2147483647;
			files = (
			);
			runOnlyForDeploymentPostprocessing = 0;
		};
		BB0000000000000000000013 /* Frameworks */ = {
			isa = PBXFrameworksBuildPhase;
			buildActionMask = 2147483647;
			files = (
			);
			runOnlyForDeploymentPostprocessing = 0;
		};
/* End PBXFrameworksBuildPhase section */

/* Begin PBXGroup section */
		BB0000000000000000000005 = {
			isa = PBXGroup;
			children = (
				BB0000000000000000000002 /* MediaArchiveWidget.swift */,
				BB0000000000000000000011 /* WidgetLink.swift */,
				BB000000000000000000000E /* Info.plist */,
				BB000000000000000000000F /* MediaArchiveWidget.entitlements */,
				BB0000000000000000000006 /* Products */,
			);
			sourceTree = "<group>";
		};
		BB0000000000000000000006 /* Products */ = {
			isa = PBXGroup;
			children = (
				BB0000000000000000000003 /* MediaArchiveWidget.appex */,
				BB0000000000000000000012 /* WidgetLink.framework */,
			);
			name = Products;
			sourceTree = "<group>";
		};
/* End PBXGroup section */

/* Begin PBXNativeTarget section */
		BB0000000000000000000007 /* MediaArchiveWidget */ = {
			isa = PBXNativeTarget;
			buildConfigurationList = BB0000000000000000000008 /* Build configuration list for PBXNativeTarget "MediaArchiveWidget" */;
			buildPhases = (
				BB0000000000000000000009 /* Sources */,
				BB0000000000000000000004 /* Frameworks */,
			);
			buildRules = (
			);
			dependencies = (
			);
			name = MediaArchiveWidget;
			productName = MediaArchiveWidget;
			productReference = BB0000000000000000000003 /* MediaArchiveWidget.appex */;
			productType = "com.apple.product-type.app-extension";
		};
		BB0000000000000000000015 /* WidgetLink */ = {
			isa = PBXNativeTarget;
			buildConfigurationList = BB0000000000000000000016 /* Build configuration list for PBXNativeTarget "WidgetLink" */;
			buildPhases = (
				BB0000000000000000000014 /* Sources */,
				BB0000000000000000000013 /* Frameworks */,
			);
			buildRules = (
			);
			dependencies = (
			);
			name = WidgetLink;
			productName = WidgetLink;
			productReference = BB0000000000000000000012 /* WidgetLink.framework */;
			productType = "com.apple.product-type.framework";
		};
/* End PBXNativeTarget section */

/* Begin PBXProject section */
		BB000000000000000000000A /* Project object */ = {
			isa = PBXProject;
			attributes = {
				BuildIndependentTargetsInParallel = 1;
				LastSwiftUpdateCheck = 1600;
				LastUpgradeCheck = 1600;
				TargetAttributes = {
					BB0000000000000000000007 = {
						CreatedOnToolsVersion = 16.0;
					};
				};
			};
			buildConfigurationList = BB000000000000000000000B /* Build configuration list for PBXProject "MediaArchiveWidget" */;
			compatibilityVersion = "Xcode 14.0";
			developmentRegion = en;
			hasScannedForEncodings = 0;
			knownRegions = (
				en,
				Base,
			);
			mainGroup = BB0000000000000000000005;
			productRefGroup = BB0000000000000000000006 /* Products */;
			projectDirPath = "";
			projectRoot = "";
			targets = (
				BB0000000000000000000007 /* MediaArchiveWidget */,
				BB0000000000000000000015 /* WidgetLink */,
			);
		};
/* End PBXProject section */

/* Begin PBXSourcesBuildPhase section */
		BB0000000000000000000009 /* Sources */ = {
			isa = PBXSourcesBuildPhase;
			buildActionMask = 2147483647;
			files = (
				BB0000000000000000000001 /* MediaArchiveWidget.swift in Sources */,
			);
			runOnlyForDeploymentPostprocessing = 0;
		};
		BB0000000000000000000014 /* Sources */ = {
			isa = PBXSourcesBuildPhase;
			buildActionMask = 2147483647;
			files = (
				BB0000000000000000000010 /* WidgetLink.swift in Sources */,
			);
			runOnlyForDeploymentPostprocessing = 0;
		};
/* End PBXSourcesBuildPhase section */

/* Begin XCBuildConfiguration section */
		BB000000000000000000000C /* Debug */ = {
			isa = XCBuildConfiguration;
			buildSettings = {
				ALWAYS_SEARCH_USER_PATHS = NO;
				CLANG_ENABLE_MODULES = YES;
				COPY_PHASE_STRIP = NO;
				ENABLE_STRICT_OBJC_MSGSEND = YES;
				GCC_NO_COMMON_BLOCKS = YES;
				IPHONEOS_DEPLOYMENT_TARGET = 18.0;
				ONLY_ACTIVE_ARCH = YES;
				SDKROOT = iphoneos;
				SWIFT_ACTIVE_COMPILATION_CONDITIONS = "DEBUG $(inherited)";
				SWIFT_OPTIMIZATION_LEVEL = "-Onone";
				SWIFT_VERSION = 5.0;
			};
			name = Debug;
		};
		BB000000000000000000000D /* Debug */ = {
			isa = XCBuildConfiguration;
			buildSettings = {
				CODE_SIGN_ENTITLEMENTS = MediaArchiveWidget.entitlements;
				CODE_SIGN_STYLE = Automatic;
				CURRENT_PROJECT_VERSION = 1;
				DEVELOPMENT_TEAM = ZVNYY55W9L;
				GENERATE_INFOPLIST_FILE = NO;
				INFOPLIST_FILE = Info.plist;
				LD_RUNPATH_SEARCH_PATHS = (
					"$(inherited)",
					"@executable_path/Frameworks",
					"@executable_path/../../Frameworks",
				);
				MARKETING_VERSION = 1.0;
				PRODUCT_BUNDLE_IDENTIFIER = no.norapps.mediaarchive.widget;
				PRODUCT_NAME = "$(TARGET_NAME)";
				SKIP_INSTALL = YES;
				SWIFT_VERSION = 5.0;
				TARGETED_DEVICE_FAMILY = "1,2";
			};
			name = Debug;
		};
		BB0000000000000000000017 /* Debug */ = {
			isa = XCBuildConfiguration;
			buildSettings = {
				CODE_SIGN_STYLE = Automatic;
				CURRENT_PROJECT_VERSION = 1;
				DEFINES_MODULE = YES;
				DEVELOPMENT_TEAM = ZVNYY55W9L;
				DYLIB_COMPATIBILITY_VERSION = 1;
				DYLIB_CURRENT_VERSION = 1;
				DYLIB_INSTALL_NAME_BASE = "@rpath";
				GENERATE_INFOPLIST_FILE = YES;
				INSTALL_PATH = "$(LOCAL_LIBRARY_DIR)/Frameworks";
				LD_RUNPATH_SEARCH_PATHS = (
					"$(inherited)",
					"@executable_path/Frameworks",
					"@loader_path/Frameworks",
				);
				MARKETING_VERSION = 1.0;
				PRODUCT_BUNDLE_IDENTIFIER = no.norapps.mediaarchive.widgetlink;
				PRODUCT_NAME = "$(TARGET_NAME)";
				SKIP_INSTALL = YES;
				SWIFT_VERSION = 5.0;
				TARGETED_DEVICE_FAMILY = "1,2";
			};
			name = Debug;
		};
/* End XCBuildConfiguration section */

/* Begin XCConfigurationList section */
		BB000000000000000000000B /* Build configuration list for PBXProject "MediaArchiveWidget" */ = {
			isa = XCConfigurationList;
			buildConfigurations = (
				BB000000000000000000000C /* Debug */,
			);
			defaultConfigurationIsVisible = 0;
			defaultConfigurationName = Debug;
		};
		BB0000000000000000000008 /* Build configuration list for PBXNativeTarget "MediaArchiveWidget" */ = {
			isa = XCConfigurationList;
			buildConfigurations = (
				BB000000000000000000000D /* Debug */,
			);
			defaultConfigurationIsVisible = 0;
			defaultConfigurationName = Debug;
		};
		BB0000000000000000000016 /* Build configuration list for PBXNativeTarget "WidgetLink" */ = {
			isa = XCConfigurationList;
			buildConfigurations = (
				BB0000000000000000000017 /* Debug */,
			);
			defaultConfigurationIsVisible = 0;
			defaultConfigurationName = Debug;
		};
/* End XCConfigurationList section */
	};
	rootObject = BB000000000000000000000A /* Project object */;
}
